
Microsoft Visual Studio Solution File, Format Version 12.00
# Visual Studio Version 16
VisualStudioVersion = 16.0.31424.327
MinimumVisualStudioVersion = 10.0.40219.1
Project("{9A19103F-16F7-4668-BE54-9A1E7A4F7556}") = "building-react-and-asp-dot-net-core-applications", "building-react-and-asp-dot-net-core-applications.csproj", "{EFCCC751-C104-48BA-89CC-10A8569A6C84}"
EndProject
Global
	GlobalSection(SolutionConfigurationPlatforms) = preSolution
		Debug|Any CPU = Debug|Any CPU
		Release|Any CPU = Release|Any CPU
	EndGlobalSection
	GlobalSection(ProjectConfigurationPlatforms) = postSolution
		{EFCCC751-C104-48BA-89CC-10A8569A6C84}.Debug|Any CPU.ActiveCfg = Debug|Any CPU
		{EFCCC751-C104-48BA-89CC-10A8569A6C84}.Debug|Any CPU.Build.0 = Debug|Any CPU
		{EFCCC751-C104-48BA-89CC-10A8569A6C84}.Release|Any CPU.ActiveCfg = Release|Any CPU
		{EFCCC751-C104-48BA-89CC-10A8569A6C84}.Release|Any CPU.Build.0 = Release|Any CPU
	EndGlobalSection
	GlobalSection(SolutionProperties) = preSolution
		HideSolutionNode = FALSE
	EndGlobalSection
	GlobalSection(ExtensibilityGlobals) = postSolution
		SolutionGuid = {88237206-924F-45A8-AC21-216BE5FD3156}
	EndGlobalSection
EndGlobal
